
Microsoft Visual Studio Solution File, Format Version 12.00
# Visual Studio Version 16
VisualStudioVersion = 16.0.29509.3
MinimumVisualStudioVersion = 10.0.40219.1
Project("{8BC9CEB8-8B4A-11D0-8D11-00A0C91BC942}") = "Exercise_01", "Exercise_01\Exercise_01.vcxproj", "{BFA643C9-2526-48EB-A76C-2B7EE205E17B}"
EndProject
Project("{8BC9CEB8-8B4A-11D0-8D11-00A0C91BC942}") = "Exercice_02", "Exercice_02\Exercice_02.vcxproj", "{EB208761-9194-46DE-A3AA-9E7B8D6A4E7F}"
EndProject
Global
	GlobalSection(SolutionConfigurationPlatforms) = preSolution
		Debug|x64 = Debug|x64
		Debug|x86 = Debug|x86
		Release|x64 = Release|x64
		Release|x86 = Release|x86
	EndGlobalSection
	GlobalSection(ProjectConfigurationPlatforms) = postSolution
		{BFA643C9-2526-48EB-A76C-2B7EE205E17B}.Debug|x64.ActiveCfg = Debug|x64
		{BFA643C9-2526-48EB-A76C-2B7EE205E17B}.Debug|x64.Build.0 = Debug|x64
		{BFA643C9-2526-48EB-A76C-2B7EE205E17B}.Debug|x86.ActiveCfg = Debug|Win32
		{BFA643C9-2526-48EB-A76C-2B7EE205E17B}.Debug|x86.Build.0 = Debug|Win32
		{BFA643C9-2526-48EB-A76C-2B7EE205E17B}.Release|x64.ActiveCfg = Release|x64
		{BFA643C9-2526-48EB-A76C-2B7EE205E17B}.Release|x64.Build.0 = Release|x64
		{BFA643C9-2526-48EB-A76C-2B7EE205E17B}.Release|x86.ActiveCfg = Release|Win32
		{BFA643C9-2526-48EB-A76C-2B7EE205E17B}.Release|x86.Build.0 = Release|Win32
		{EB208761-9194-46DE-A3AA-9E7B8D6A4E7F}.Debug|x64.ActiveCfg = Debug|x64
		{EB208761-9194-46DE-A3AA-9E7B8D6A4E7F}.Debug|x64.Build.0 = Debug|x64
		{EB208761-9194-46DE-A3AA-9E7B8D6A4E7F}.Debug|x86.ActiveCfg = Debug|Win32
		{EB208761-9194-46DE-A3AA-9E7B8D6A4E7F}.Debug|x86.Build.0 = Debug|Win32
		{EB208761-9194-46DE-A3AA-9E7B8D6A4E7F}.Release|x64.ActiveCfg = Release|x64
		{EB208761-9194-46DE-A3AA-9E7B8D6A4E7F}.Release|x64.Build.0 = Release|x64
		{EB208761-9194-46DE-A3AA-9E7B8D6A4E7F}.Release|x86.ActiveCfg = Release|Win32
		{EB208761-9194-46DE-A3AA-9E7B8D6A4E7F}.Release|x86.Build.0 = Release|Win32
	EndGlobalSection
	GlobalSection(SolutionProperties) = preSolution
		HideSolutionNode = FALSE
	EndGlobalSection
	GlobalSection(ExtensibilityGlobals) = postSolution
		SolutionGuid = {8E4DBCBA-E1EA-4BD4-A85D-E6B64108143B}
	EndGlobalSection
EndGlobal
